// !$*UTF8*$!
{
	archiveVersion = 1;
	classes = {
	};
	objectVersion = 46;
	objects = {

/* Begin PBXBuildFile section */
		B5D1D52F1AA8005300772AB8 /* AppDelegate.swift in Sources */ = {isa = PBXBuildFile; fileRef = B5D1D52E1AA8005300772AB8 /* AppDelegate.swift */; };
		B5D1D5311AA8005300772AB8 /* RecordsSoundsViewController.swift in Sources */ = {isa = PBXBuildFile; fileRef = B5D1D5301AA8005300772AB8 /* RecordsSoundsViewController.swift */; };
		B5D1D5341AA8005300772AB8 /* Main.storyboard in Resources */ = {isa = PBXBuildFile; fileRef = B5D1D5321AA8005300772AB8 /* Main.storyboard */; };
		B5D1D5361AA8005300772AB8 /* Images.xcassets in Resources */ = {isa = PBXBuildFile; fileRef = B5D1D5351AA8005300772AB8 /* Images.xcassets */; };
		B5D1D5391AA8005300772AB8 /* LaunchScreen.xib in Resources */ = {isa = PBXBuildFile; fileRef = B5D1D5371AA8005300772AB8 /* LaunchScreen.xib */; };
		B5D1D5451AA8005300772AB8 /* Pitch_PerfectTests.swift in Sources */ = {isa = PBXBuildFile; fileRef = B5D1D5441AA8005300772AB8 /* Pitch_PerfectTests.swift */; };
		B5F2A3971AAC0599002B590F /* PlaySoundsViewController.swift in Sources */ = {isa = PBXBuildFile; fileRef = B5F2A3961AAC0599002B590F /* PlaySoundsViewController.swift */; };
		B5F2A3991AAC0852002B590F /* movie_quote.mp3 in Resources */ = {isa = PBXBuildFile; fileRef = B5F2A3981AAC0852002B590F /* movie_quote.mp3 */; };
		B5F2A39B1AAD2826002B590F /* RecordedAudio.swift in Sources */ = {isa = PBXBuildFile; fileRef = B5F2A39A1AAD2826002B590F /* RecordedAudio.swift */; };
/* End PBXBuildFile section */

/* Begin PBXContainerItemProxy section */
		B5D1D53F1AA8005300772AB8 /* PBXContainerItemProxy */ = {
			isa = PBXContainerItemProxy;
			containerPortal = B5D1D5211AA8005300772AB8 /* Project object */;
			proxyType = 1;
			remoteGlobalIDString = B5D1D5281AA8005300772AB8;
			remoteInfo = "Pitch Perfect";
		};
/* End PBXContainerItemProxy section */

/* Begin PBXFileReference section */
		B5D1D5291AA8005300772AB8 /* Pitch Perfect.app */ = {isa = PBXFileReference; explicitFileType = wrapper.application; includeInIndex = 0; path = "Pitch Perfect.app"; sourceTree = BUILT_PRODUCTS_DIR; };
		B5D1D52D1AA8005300772AB8 /* Info.plist */ = {isa = PBXFileReference; lastKnownFileType = text.plist.xml; path = Info.plist; sourceTree = "<group>"; };
		B5D1D52E1AA8005300772AB8 /* AppDelegate.swift */ = {isa = PBXFileReference; lastKnownFileType = sourcecode.swift; path = AppDelegate.swift; sourceTree = "<group>"; };
		B5D1D5301AA8005300772AB8 /* RecordsSoundsViewController.swift */ = {isa = PBXFileReference; lastKnownFileType = sourcecode.swift; path = RecordsSoundsViewController.swift; sourceTree = "<group>"; };
		B5D1D5331AA8005300772AB8 /* Base */ = {isa = PBXFileReference; lastKnownFileType = file.storyboard; name = Base; path = Base.lproj/Main.storyboard; sourceTree = "<group>"; };
		B5D1D5351AA8005300772AB8 /* Images.xcassets */ = {isa = PBXFileReference; lastKnownFileType = folder.assetcatalog; path = Images.xcassets; sourceTree = "<group>"; };
		B5D1D5381AA8005300772AB8 /* Base */ = {isa = PBXFileReference; lastKnownFileType = file.xib; name = Base; path = Base.lproj/LaunchScreen.xib; sourceTree = "<group>"; };
		B5D1D53E1AA8005300772AB8 /* Pitch PerfectTests.xctest */ = {isa = PBXFileReference; explicitFileType = wrapper.cfbundle; includeInIndex = 0; path = "Pitch PerfectTests.xctest"; sourceTree = BUILT_PRODUCTS_DIR; };
		B5D1D5431AA8005300772AB8 /* Info.plist */ = {isa = PBXFileReference; lastKnownFileType = text.plist.xml; path = Info.plist; sourceTree = "<group>"; };
		B5D1D5441AA8005300772AB8 /* Pitch_PerfectTests.swift */ = {isa = PBXFileReference; lastKnownFileType = sourcecode.swift; path = Pitch_PerfectTests.swift; sourceTree = "<group>"; };
		B5F2A3961AAC0599002B590F /* PlaySoundsViewController.swift */ = {isa = PBXFileReference; fileEncoding = 4; lastKnownFileType = sourcecode.swift; path = PlaySoundsViewController.swift; sourceTree = "<group>"; };
		B5F2A3981AAC0852002B590F /* movie_quote.mp3 */ = {isa = PBXFileReference; lastKnownFileType = audio.mp3; name = movie_quote.mp3; path = ../../movie_quote.mp3; sourceTree = "<group>"; };
		B5F2A39A1AAD2826002B590F /* RecordedAudio.swift */ = {isa = PBXFileReference; fileEncoding = 4; lastKnownFileType = sourcecode.swift; path = RecordedAudio.swift; sourceTree = "<group>"; };
/* End PBXFileReference section */

/* Begin PBXFrameworksBuildPhase section */
		B5D1D5261AA8005300772AB8 /* Frameworks */ = {
			isa = PBXFrameworksBuildPhase;
			buildActionMask = 2147483647;
			files = (
			);
			runOnlyForDeploymentPostprocessing = 0;
		};
		B5D1D53B1AA8005300772AB8 /* Frameworks */ = {
			isa = PBXFrameworksBuildPhase;
			buildActionMask = 2147483647;
			files = (
			);
			runOnlyForDeploymentPostprocessing = 0;
		};
/* End PBXFrameworksBuildPhase section */

/* Begin PBXGroup section */
		B5D1D5201AA8005300772AB8 = {
			isa = PBXGroup;
			children = (
				B5D1D52B1AA8005300772AB8 /* Pitch Perfect */,
				B5D1D5411AA8005300772AB8 /* Pitch PerfectTests */,
				B5D1D52A1AA8005300772AB8 /* Products */,
			);
			sourceTree = "<group>";
		};
		B5D1D52A1AA8005300772AB8 /* Products */ = {
			isa = PBXGroup;
			children = (
				B5D1D5291AA8005300772AB8 /* Pitch Perfect.app */,
				B5D1D53E1AA8005300772AB8 /* Pitch PerfectTests.xctest */,
			);
			name = Products;
			sourceTree = "<group>";
		};
		B5D1D52B1AA8005300772AB8 /* Pitch Perfect */ = {
			isa = PBXGroup;
			children = (
				B5F2A39F1AAFD148002B590F /* Storyboards */,
				B5F2A39E1AAFD13A002B590F /* Model */,
				B5F2A39C1AAFD0EF002B590F /* ViewControllers */,
				B5D1D52E1AA8005300772AB8 /* AppDelegate.swift */,
				B5D1D5351AA8005300772AB8 /* Images.xcassets */,
				B5D1D5371AA8005300772AB8 /* LaunchScreen.xib */,
				B5D1D52C1AA8005300772AB8 /* Supporting Files */,
			);
			path = "Pitch Perfect";
			sourceTree = "<group>";
		};
		B5D1D52C1AA8005300772AB8 /* Supporting Files */ = {
			isa = PBXGroup;
			children = (
				B5F2A3981AAC0852002B590F /* movie_quote.mp3 */,
				B5D1D52D1AA8005300772AB8 /* Info.plist */,
			);
			name = "Supporting Files";
			sourceTree = "<group>";
		};
		B5D1D5411AA8005300772AB8 /* Pitch PerfectTests */ = {
			isa = PBXGroup;
			children = (
				B5D1D5441AA8005300772AB8 /* Pitch_PerfectTests.swift */,
				B5D1D5421AA8005300772AB8 /* Supporting Files */,
			);
			path = "Pitch PerfectTests";
			sourceTree = "<group>";
		};
		B5D1D5421AA8005300772AB8 /* Supporting Files */ = {
			isa = PBXGroup;
			children = (
				B5D1D5431AA8005300772AB8 /* Info.plist */,
			);
			name = "Supporting Files";
			sourceTree = "<group>";
		};
		B5F2A39C1AAFD0EF002B590F /* ViewControllers */ = {
			isa = PBXGroup;
			children = (
				B5D1D5301AA8005300772AB8 /* RecordsSoundsViewController.swift */,
				B5F2A3961AAC0599002B590F /* PlaySoundsViewController.swift */,
			);
			name = ViewControllers;
			sourceTree = "<group>";
		};
		B5F2A39E1AAFD13A002B590F /* Model */ = {
			isa = PBXGroup;
			children = (
				B5F2A39A1AAD2826002B590F /* RecordedAudio.swift */,
			);
			name = Model;
			sourceTree = "<group>";
		};
		B5F2A39F1AAFD148002B590F /* Storyboards */ = {
			isa = PBXGroup;
			children = (
				B5D1D5321AA8005300772AB8 /* Main.storyboard */,
			);
			name = Storyboards;
			sourceTree = "<group>";
		};
/* End PBXGroup section */

/* Begin PBXNativeTarget section */
		B5D1D5281AA8005300772AB8 /* Pitch Perfect */ = {
			isa = PBXNativeTarget;
			buildConfigurationList = B5D1D5481AA8005300772AB8 /* Build configuration list for PBXNativeTarget "Pitch Perfect" */;
			buildPhases = (
				B5D1D5251AA8005300772AB8 /* Sources */,
				B5D1D5261AA8005300772AB8 /* Frameworks */,
				B5D1D5271AA8005300772AB8 /* Resources */,
			);
			buildRules = (
			);
			dependencies = (
			);
			name = "Pitch Perfect";
			productName = "Pitch Perfect";
			productReference = B5D1D5291AA8005300772AB8 /* Pitch Perfect.app */;
			productType = "com.apple.product-type.application";
		};
		B5D1D53D1AA8005300772AB8 /* Pitch PerfectTests */ = {
			isa = PBXNativeTarget;
			buildConfigurationList = B5D1D54B1AA8005300772AB8 /* Build configuration list for PBXNativeTarget "Pitch PerfectTests" */;
			buildPhases = (
				B5D1D53A1AA8005300772AB8 /* Sources */,
				B5D1D53B1AA8005300772AB8 /* Frameworks */,
				B5D1D53C1AA8005300772AB8 /* Resources */,
			);
			buildRules = (
			);
			dependencies = (
				B5D1D5401AA8005300772AB8 /* PBXTargetDependency */,
			);
			name = "Pitch PerfectTests";
			productName = "Pitch PerfectTests";
			productReference = B5D1D53E1AA8005300772AB8 /* Pitch PerfectTests.xctest */;
			productType = "com.apple.product-type.bundle.unit-test";
		};
/* End PBXNativeTarget section */

/* Begin PBXProject section */
		B5D1D5211AA8005300772AB8 /* Project object */ = {
			isa = PBXProject;
			attributes = {
				LastUpgradeCheck = 0610;
				ORGANIZATIONNAME = pixels2bytes;
				TargetAttributes = {
					B5D1D5281AA8005300772AB8 = {
						CreatedOnToolsVersion = 6.1.1;
					};
					B5D1D53D1AA8005300772AB8 = {
						CreatedOnToolsVersion = 6.1.1;
						TestTargetID = B5D1D5281AA8005300772AB8;
					};
				};
			};
			buildConfigurationList = B5D1D5241AA8005300772AB8 /* Build configuration list for PBXProject "Pitch Perfect" */;
			compatibilityVersion = "Xcode 3.2";
			developmentRegion = English;
			hasScannedForEncodings = 0;
			knownRegions = (
				en,
				Base,
			);
			mainGroup = B5D1D5201AA8005300772AB8;
			productRefGroup = B5D1D52A1AA8005300772AB8 /* Products */;
			projectDirPath = "";
			projectRoot = "";
			targets = (
				B5D1D5281AA8005300772AB8 /* Pitch Perfect */,
				B5D1D53D1AA8005300772AB8 /* Pitch PerfectTests */,
			);
		};
/* End PBXProject section */

/* Begin PBXResourcesBuildPhase section */
		B5D1D5271AA8005300772AB8 /* Resources */ = {
			isa = PBXResourcesBuildPhase;
			buildActionMask = 2147483647;
			files = (
				B5D1D5341AA8005300772AB8 /* Main.storyboard in Resources */,
				B5D1D5391AA8005300772AB8 /* LaunchScreen.xib in Resources */,
				B5F2A3991AAC0852002B590F /* movie_quote.mp3 in Resources */,
				B5D1D5361AA8005300772AB8 /* Images.xcassets in Resources */,
			);
			runOnlyForDeploymentPostprocessing = 0;
		};
		B5D1D53C1AA8005300772AB8 /* Resources */ = {
			isa = PBXResourcesBuildPhase;
			buildActionMask = 2147483647;
			files = (
			);
			runOnlyForDeploymentPostprocessing = 0;
		};
/* End PBXResourcesBuildPhase section */

/* Begin PBXSourcesBuildPhase section */
		B5D1D5251AA8005300772AB8 /* Sources */ = {
			isa = PBXSourcesBuildPhase;
			buildActionMask = 2147483647;
			files = (
				B5D1D5311AA8005300772AB8 /* RecordsSoundsViewController.swift in Sources */,
				B5F2A39B1AAD2826002B590F /* RecordedAudio.swift in Sources */,
				B5F2A3971AAC0599002B590F /* PlaySoundsViewController.swift in Sources */,
				B5D1D52F1AA8005300772AB8 /* AppDelegate.swift in Sources */,
			);
			runOnlyForDeploymentPostprocessing = 0;
		};
		B5D1D53A1AA8005300772AB8 /* Sources */ = {
			isa = PBXSourcesBuildPhase;
			buildActionMask = 2147483647;
			files = (
				B5D1D5451AA8005300772AB8 /* Pitch_PerfectTests.swift in Sources */,
			);
			runOnlyForDeploymentPostprocessing = 0;
		};
/* End PBXSourcesBuildPhase section */

/* Begin PBXTargetDependency section */
		B5D1D5401AA8005300772AB8 /* PBXTargetDependency */ = {
			isa = PBXTargetDependency;
			target = B5D1D5281AA8005300772AB8 /* Pitch Perfect */;
			targetProxy = B5D1D53F1AA8005300772AB8 /* PBXContainerItemProxy */;
		};
/* End PBXTargetDependency section */

/* Begin PBXVariantGroup section */
		B5D1D5321AA8005300772AB8 /* Main.storyboard */ = {
			isa = PBXVariantGroup;
			children = (
				B5D1D5331AA8005300772AB8 /* Base */,
			);
			name = Main.storyboard;
			sourceTree = "<group>";
		};
		B5D1D5371AA8005300772AB8 /* LaunchScreen.xib */ = {
			isa = PBXVariantGroup;
			children = (
				B5D1D5381AA8005300772AB8 /* Base */,
			);
			name = LaunchScreen.xib;
			sourceTree = "<group>";
		};
/* End PBXVariantGroup section */

/* Begin XCBuildConfiguration section */
		B5D1D5461AA8005300772AB8 /* Debug */ = {
			isa = XCBuildConfiguration;
			buildSettings = {
				ALWAYS_SEARCH_USER_PATHS = NO;
				CLANG_CXX_LANGUAGE_STANDARD = "gnu++0x";
				CLANG_CXX_LIBRARY = "libc++";
				CLANG_ENABLE_MODULES = YES;
				CLANG_ENABLE_OBJC_ARC = YES;
				CLANG_WARN_BOOL_CONVERSION = YES;
				CLANG_WARN_CONSTANT_CONVERSION = YES;
				CLANG_WARN_DIRECT_OBJC_ISA_USAGE = YES_ERROR;
				CLANG_WARN_EMPTY_BODY = YES;
				CLANG_WARN_ENUM_CONVERSION = YES;
				CLANG_WARN_INT_CONVERSION = YES;
				CLANG_WARN_OBJC_ROOT_CLASS = YES_ERROR;
				CLANG_WARN_UNREACHABLE_CODE = YES;
				CLANG_WARN__DUPLICATE_METHOD_MATCH = YES;
				"CODE_SIGN_IDENTITY[sdk=iphoneos*]" = "iPhone Developer";
				COPY_PHASE_STRIP = NO;
				ENABLE_STRICT_OBJC_MSGSEND = YES;
				GCC_C_LANGUAGE_STANDARD = gnu99;
				GCC_DYNAMIC_NO_PIC = NO;
				GCC_OPTIMIZATION_LEVEL = 0;
				GCC_PREPROCESSOR_DEFINITIONS = (
					"DEBUG=1",
					"$(inherited)",
				);
				GCC_SYMBOLS_PRIVATE_EXTERN = NO;
				GCC_WARN_64_TO_32_BIT_CONVERSION = YES;
				GCC_WARN_ABOUT_RETURN_TYPE = YES_ERROR;
				GCC_WARN_UNDECLARED_SELECTOR = YES;
				GCC_WARN_UNINITIALIZED_AUTOS = YES_AGGRESSIVE;
				GCC_WARN_UNUSED_FUNCTION = YES;
				GCC_WARN_UNUSED_VARIABLE = YES;
				IPHONEOS_DEPLOYMENT_TARGET = 8.1;
				MTL_ENABLE_DEBUG_INFO = YES;
				ONLY_ACTIVE_ARCH = YES;
				SDKROOT = iphoneos;
				SWIFT_OPTIMIZATION_LEVEL = "-Onone";
			};
			name = Debug;
		};
		B5D1D5471AA8005300772AB8 /* Release */ = {
			isa = XCBuildConfiguration;
			buildSettings = {
				ALWAYS_SEARCH_USER_PATHS = NO;
				CLANG_CXX_LANGUAGE_STANDARD = "gnu++0x";
				CLANG_CXX_LIBRARY = "libc++";
				CLANG_ENABLE_MODULES = YES;
				CLANG_ENABLE_OBJC_ARC = YES;
				CLANG_WARN_BOOL_CONVERSION = YES;
				CLANG_WARN_CONSTANT_CONVERSION = YES;
				CLANG_WARN_DIRECT_OBJC_ISA_USAGE = YES_ERROR;
				CLANG_WARN_EMPTY_BODY = YES;
				CLANG_WARN_ENUM_CONVERSION = YES;
				CLANG_WARN_INT_CONVERSION = YES;
				CLANG_WARN_OBJC_ROOT_CLASS = YES_ERROR;
				CLANG_WARN_UNREACHABLE_CODE = YES;
				CLANG_WARN__DUPLICATE_METHOD_MATCH = YES;
				"CODE_SIGN_IDENTITY[sdk=iphoneos*]" = "iPhone Developer";
				COPY_PHASE_STRIP = YES;
				ENABLE_NS_ASSERTIONS = NO;
				ENABLE_STRICT_OBJC_MSGSEND = YES;
				GCC_C_LANGUAGE_STANDARD = gnu99;
				GCC_WARN_64_TO_32_BIT_CONVERSION = YES;
				GCC_WARN_ABOUT_RETURN_TYPE = YES_ERROR;
				GCC_WARN_UNDECLARED_SELECTOR = YES;
				GCC_WARN_UNINITIALIZED_AUTOS = YES_AGGRESSIVE;
				GCC_WARN_UNUSED_FUNCTION = YES;
				GCC_WARN_UNUSED_VARIABLE = YES;
				IPHONEOS_DEPLOYMENT_TARGET = 8.1;
				MTL_ENABLE_DEBUG_INFO = NO;
				SDKROOT = iphoneos;
				VALIDATE_PRODUCT = YES;
			};
			name = Release;
		};
		B5D1D5491AA8005300772AB8 /* Debug */ = {
			isa = XCBuildConfiguration;
			buildSettings = {
				ASSETCATALOG_COMPILER_APPICON_NAME = AppIcon;
				INFOPLIST_FILE = "Pitch Perfect/Info.plist";
				LD_RUNPATH_SEARCH_PATHS = "$(inherited) @executable_path/Frameworks";
				PRODUCT_NAME = "$(TARGET_NAME)";
			};
			name = Debug;
		};
		B5D1D54A1AA8005300772AB8 /* Release */ = {
			isa = XCBuildConfiguration;
			buildSettings = {
				ASSETCATALOG_COMPILER_APPICON_NAME = AppIcon;
				INFOPLIST_FILE = "Pitch Perfect/Info.plist";
				LD_RUNPATH_SEARCH_PATHS = "$(inherited) @executable_path/Frameworks";
				PRODUCT_NAME = "$(TARGET_NAME)";
			};
			name = Release;
		};
		B5D1D54C1AA8005300772AB8 /* Debug */ = {
			isa = XCBuildConfiguration;
			buildSettings = {
				BUNDLE_LOADER = "$(TEST_HOST)";
				FRAMEWORK_SEARCH_PATHS = (
					"$(SDKROOT)/Developer/Library/Frameworks",
					"$(inherited)",
				);
				GCC_PREPROCESSOR_DEFINITIONS = (
					"DEBUG=1",
					"$(inherited)",
				);
				INFOPLIST_FILE = "Pitch PerfectTests/Info.plist";
				LD_RUNPATH_SEARCH_PATHS = "$(inherited) @executable_path/Frameworks @loader_path/Frameworks";
				PRODUCT_NAME = "$(TARGET_NAME)";
				TEST_HOST = "$(BUILT_PRODUCTS_DIR)/Pitch Perfect.app/Pitch Perfect";
			};
			name = Debug;
		};
		B5D1D54D1AA8005300772AB8 /* Release */ = {
			isa = XCBuildConfiguration;
			buildSettings = {
				BUNDLE_LOADER = "$(TEST_HOST)";
				FRAMEWORK_SEARCH_PATHS = (
					"$(SDKROOT)/Developer/Library/Frameworks",
					"$(inherited)",
				);
				INFOPLIST_FILE = "Pitch PerfectTests/Info.plist";
				LD_RUNPATH_SEARCH_PATHS = "$(inherited) @executable_path/Frameworks @loader_path/Frameworks";
				PRODUCT_NAME = "$(TARGET_NAME)";
				TEST_HOST = "$(BUILT_PRODUCTS_DIR)/Pitch Perfect.app/Pitch Perfect";
			};
			name = Release;
		};
/* End XCBuildConfiguration section */

/* Begin XCConfigurationList section */
		B5D1D5241AA8005300772AB8 /* Build configuration list for PBXProject "Pitch Perfect" */ = {
			isa = XCConfigurationList;
			buildConfigurations = (
				B5D1D5461AA8005300772AB8 /* Debug */,
				B5D1D5471AA8005300772AB8 /* Release */,
			);
			defaultConfigurationIsVisible = 0;
			defaultConfigurationName = Release;
		};
		B5D1D5481AA8005300772AB8 /* Build configuration list for PBXNativeTarget "Pitch Perfect" */ = {
			isa = XCConfigurationList;
			buildConfigurations = (
				B5D1D5491AA8005300772AB8 /* Debug */,
				B5D1D54A1AA8005300772AB8 /* Release */,
			);
			defaultConfigurationIsVisible = 0;
			defaultConfigurationName = Release;
		};
		B5D1D54B1AA8005300772AB8 /* Build configuration list for PBXNativeTarget "Pitch PerfectTests" */ = {
			isa = XCConfigurationList;
			buildConfigurations = (
				B5D1D54C1AA8005300772AB8 /* Debug */,
				B5D1D54D1AA8005300772AB8 /* Release */,
			);
			defaultConfigurationIsVisible = 0;
			defaultConfigurationName = Release;
		};
/* End XCConfigurationList section */
	};
	rootObject = B5D1D5211AA8005300772AB8 /* Project object */;
}
